// !$*UTF8*$!
{
	archiveVersion = 1;
	classes = {
	};
	objectVersion = 50;
	objects = {

/* Begin PBXBuildFile section */
		C40CA3FD21ECB5FD00C39233 /* AppDelegate.swift in Sources */ = {isa = PBXBuildFile; fileRef = C40CA3FC21ECB5FD00C39233 /* AppDelegate.swift */; };
		C40CA3FF21ECB5FD00C39233 /* ViewController.swift in Sources */ = {isa = PBXBuildFile; fileRef = C40CA3FE21ECB5FD00C39233 /* ViewController.swift */; };
		C40CA40221ECB5FD00C39233 /* Main.storyboard in Resources */ = {isa = PBXBuildFile; fileRef = C40CA40021ECB5FD00C39233 /* Main.storyboard */; };
		C40CA40421ECB5FE00C39233 /* Assets.xcassets in Resources */ = {isa = PBXBuildFile; fileRef = C40CA40321ECB5FE00C39233 /* Assets.xcassets */; };
		C40CA40721ECB5FE00C39233 /* LaunchScreen.storyboard in Resources */ = {isa = PBXBuildFile; fileRef = C40CA40521ECB5FE00C39233 /* LaunchScreen.storyboard */; };
		C44A631F21EDFAE6002DEBEB /* GCDMain.swift in Sources */ = {isa = PBXBuildFile; fileRef = C44A631E21EDFAE6002DEBEB /* GCDMain.swift */; };
		C44A632221EDFC0D002DEBEB /* UserLocation.swift in Sources */ = {isa = PBXBuildFile; fileRef = C44A632121EDFC0D002DEBEB /* UserLocation.swift */; };
		C44A632621EDFE9E002DEBEB /* UserLocationConstants.swift in Sources */ = {isa = PBXBuildFile; fileRef = C44A632521EDFE9E002DEBEB /* UserLocationConstants.swift */; };
/* End PBXBuildFile section */

/* Begin PBXFileReference section */
		C40CA3F921ECB5FD00C39233 /* MapBasics.app */ = {isa = PBXFileReference; explicitFileType = wrapper.application; includeInIndex = 0; path = MapBasics.app; sourceTree = BUILT_PRODUCTS_DIR; };
		C40CA3FC21ECB5FD00C39233 /* AppDelegate.swift */ = {isa = PBXFileReference; lastKnownFileType = sourcecode.swift; path = AppDelegate.swift; sourceTree = "<group>"; };
		C40CA3FE21ECB5FD00C39233 /* ViewController.swift */ = {isa = PBXFileReference; lastKnownFileType = sourcecode.swift; path = ViewController.swift; sourceTree = "<group>"; };
		C40CA40121ECB5FD00C39233 /* Base */ = {isa = PBXFileReference; lastKnownFileType = file.storyboard; name = Base; path = Base.lproj/Main.storyboard; sourceTree = "<group>"; };
		C40CA40321ECB5FE00C39233 /* Assets.xcassets */ = {isa = PBXFileReference; lastKnownFileType = folder.assetcatalog; path = Assets.xcassets; sourceTree = "<group>"; };
		C40CA40621ECB5FE00C39233 /* Base */ = {isa = PBXFileReference; lastKnownFileType = file.storyboard; name = Base; path = Base.lproj/LaunchScreen.storyboard; sourceTree = "<group>"; };
		C40CA40821ECB5FE00C39233 /* Info.plist */ = {isa = PBXFileReference; lastKnownFileType = text.plist.xml; path = Info.plist; sourceTree = "<group>"; };
		C40CA40E21ECBCF600C39233 /* README.md */ = {isa = PBXFileReference; lastKnownFileType = net.daringfireball.markdown; path = README.md; sourceTree = "<group>"; };
		C44A631E21EDFAE6002DEBEB /* GCDMain.swift */ = {isa = PBXFileReference; lastKnownFileType = sourcecode.swift; path = GCDMain.swift; sourceTree = "<group>"; };
		C44A632121EDFC0D002DEBEB /* UserLocation.swift */ = {isa = PBXFileReference; lastKnownFileType = sourcecode.swift; path = UserLocation.swift; sourceTree = "<group>"; };
		C44A632521EDFE9E002DEBEB /* UserLocationConstants.swift */ = {isa = PBXFileReference; lastKnownFileType = sourcecode.swift; path = UserLocationConstants.swift; sourceTree = "<group>"; };
/* End PBXFileReference section */

/* Begin PBXFrameworksBuildPhase section */
		C40CA3F621ECB5FD00C39233 /* Frameworks */ = {
			isa = PBXFrameworksBuildPhase;
			buildActionMask = 2147483647;
			files = (
			);
			runOnlyForDeploymentPostprocessing = 0;
		};
/* End PBXFrameworksBuildPhase section */

/* Begin PBXGroup section */
		C40CA3F021ECB5FD00C39233 = {
			isa = PBXGroup;
			children = (
				C40CA40E21ECBCF600C39233 /* README.md */,
				C40CA3FB21ECB5FD00C39233 /* MapBasics */,
				C40CA3FA21ECB5FD00C39233 /* Products */,
			);
			sourceTree = "<group>";
		};
		C40CA3FA21ECB5FD00C39233 /* Products */ = {
			isa = PBXGroup;
			children = (
				C40CA3F921ECB5FD00C39233 /* MapBasics.app */,
			);
			name = Products;
			sourceTree = "<group>";
		};
		C40CA3FB21ECB5FD00C39233 /* MapBasics */ = {
			isa = PBXGroup;
			children = (
				C44A631D21EDFACE002DEBEB /* Model */,
				C40CA3FC21ECB5FD00C39233 /* AppDelegate.swift */,
				C40CA3FE21ECB5FD00C39233 /* ViewController.swift */,
				C40CA40021ECB5FD00C39233 /* Main.storyboard */,
				C40CA40321ECB5FE00C39233 /* Assets.xcassets */,
				C40CA40521ECB5FE00C39233 /* LaunchScreen.storyboard */,
				C40CA40821ECB5FE00C39233 /* Info.plist */,
			);
			path = MapBasics;
			sourceTree = "<group>";
		};
		C44A631D21EDFACE002DEBEB /* Model */ = {
			isa = PBXGroup;
			children = (
				C44A632021EDFAF9002DEBEB /* GCD */,
				C44A632121EDFC0D002DEBEB /* UserLocation.swift */,
				C44A632521EDFE9E002DEBEB /* UserLocationConstants.swift */,
			);
			path = Model;
			sourceTree = "<group>";
		};
		C44A632021EDFAF9002DEBEB /* GCD */ = {
			isa = PBXGroup;
			children = (
				C44A631E21EDFAE6002DEBEB /* GCDMain.swift */,
			);
			path = GCD;
			sourceTree = "<group>";
		};
/* End PBXGroup section */

/* Begin PBXNativeTarget section */
		C40CA3F821ECB5FD00C39233 /* MapBasics */ = {
			isa = PBXNativeTarget;
			buildConfigurationList = C40CA40B21ECB5FE00C39233 /* Build configuration list for PBXNativeTarget "MapBasics" */;
			buildPhases = (
				C40CA3F521ECB5FD00C39233 /* Sources */,
				C40CA3F621ECB5FD00C39233 /* Frameworks */,
				C40CA3F721ECB5FD00C39233 /* Resources */,
			);
			buildRules = (
			);
			dependencies = (
			);
			name = MapBasics;
			productName = MapBasics;
			productReference = C40CA3F921ECB5FD00C39233 /* MapBasics.app */;
			productType = "com.apple.product-type.application";
		};
/* End PBXNativeTarget section */

/* Begin PBXProject section */
		C40CA3F121ECB5FD00C39233 /* Project object */ = {
			isa = PBXProject;
			attributes = {
				LastSwiftUpdateCheck = 1010;
				LastUpgradeCheck = 1010;
				ORGANIZATIONNAME = timothyng;
				TargetAttributes = {
					C40CA3F821ECB5FD00C39233 = {
						CreatedOnToolsVersion = 10.1;
					};
				};
			};
			buildConfigurationList = C40CA3F421ECB5FD00C39233 /* Build configuration list for PBXProject "MapBasics" */;
			compatibilityVersion = "Xcode 9.3";
			developmentRegion = en;
			hasScannedForEncodings = 0;
			knownRegions = (
				en,
				Base,
			);
			mainGroup = C40CA3F021ECB5FD00C39233;
			productRefGroup = C40CA3FA21ECB5FD00C39233 /* Products */;
			projectDirPath = "";
			projectRoot = "";
			targets = (
				C40CA3F821ECB5FD00C39233 /* MapBasics */,
			);
		};
/* End PBXProject section */

/* Begin PBXResourcesBuildPhase section */
		C40CA3F721ECB5FD00C39233 /* Resources */ = {
			isa = PBXResourcesBuildPhase;
			buildActionMask = 2147483647;
			files = (
				C40CA40721ECB5FE00C39233 /* LaunchScreen.storyboard in Resources */,
				C40CA40421ECB5FE00C39233 /* Assets.xcassets in Resources */,
				C40CA40221ECB5FD00C39233 /* Main.storyboard in Resources */,
			);
			runOnlyForDeploymentPostprocessing = 0;
		};
/* End PBXResourcesBuildPhase section */

/* Begin PBXSourcesBuildPhase section */
		C40CA3F521ECB5FD00C39233 /* Sources */ = {
			isa = PBXSourcesBuildPhase;
			buildActionMask = 2147483647;
			files = (
				C40CA3FF21ECB5FD00C39233 /* ViewController.swift in Sources */,
				C44A632221EDFC0D002DEBEB /* UserLocation.swift in Sources */,
				C44A631F21EDFAE6002DEBEB /* GCDMain.swift in Sources */,
				C44A632621EDFE9E002DEBEB /* UserLocationConstants.swift in Sources */,
				C40CA3FD21ECB5FD00C39233 /* AppDelegate.swift in Sources */,
			);
			runOnlyForDeploymentPostprocessing = 0;
		};
/* End PBXSourcesBuildPhase section */

/* Begin PBXVariantGroup section */
		C40CA40021ECB5FD00C39233 /* Main.storyboard */ = {
			isa = PBXVariantGroup;
			children = (
				C40CA40121ECB5FD00C39233 /* Base */,
			);
			name = Main.storyboard;
			sourceTree = "<group>";
		};
		C40CA40521ECB5FE00C39233 /* LaunchScreen.storyboard */ = {
			isa = PBXVariantGroup;
			children = (
				C40CA40621ECB5FE00C39233 /* Base */,
			);
			name = LaunchScreen.storyboard;
			sourceTree = "<group>";
		};
/* End PBXVariantGroup section */

/* Begin XCBuildConfiguration section */
		C40CA40921ECB5FE00C39233 /* Debug */ = {
			isa = XCBuildConfiguration;
			buildSettings = {
				ALWAYS_SEARCH_USER_PATHS = NO;
				CLANG_ANALYZER_NONNULL = YES;
				CLANG_ANALYZER_NUMBER_OBJECT_CONVERSION = YES_AGGRESSIVE;
				CLANG_CXX_LANGUAGE_STANDARD = "gnu++14";
				CLANG_CXX_LIBRARY = "libc++";
				CLANG_ENABLE_MODULES = YES;
				CLANG_ENABLE_OBJC_ARC = YES;
				CLANG_ENABLE_OBJC_WEAK = YES;
				CLANG_WARN_BLOCK_CAPTURE_AUTORELEASING = YES;
				CLANG_WARN_BOOL_CONVERSION = YES;
				CLANG_WARN_COMMA = YES;
				CLANG_WARN_CONSTANT_CONVERSION = YES;
				CLANG_WARN_DEPRECATED_OBJC_IMPLEMENTATIONS = YES;
				CLANG_WARN_DIRECT_OBJC_ISA_USAGE = YES_ERROR;
				CLANG_WARN_DOCUMENTATION_COMMENTS = YES;
				CLANG_WARN_EMPTY_BODY = YES;
				CLANG_WARN_ENUM_CONVERSION = YES;
				CLANG_WARN_INFINITE_RECURSION = YES;
				CLANG_WARN_INT_CONVERSION = YES;
				CLANG_WARN_NON_LITERAL_NULL_CONVERSION = YES;
				CLANG_WARN_OBJC_IMPLICIT_RETAIN_SELF = YES;
				CLANG_WARN_OBJC_LITERAL_CONVERSION = YES;
				CLANG_WARN_OBJC_ROOT_CLASS = YES_ERROR;
				CLANG_WARN_RANGE_LOOP_ANALYSIS = YES;
				CLANG_WARN_STRICT_PROTOTYPES = YES;
				CLANG_WARN_SUSPICIOUS_MOVE = YES;
				CLANG_WARN_UNGUARDED_AVAILABILITY = YES_AGGRESSIVE;
				CLANG_WARN_UNREACHABLE_CODE = YES;
				CLANG_WARN__DUPLICATE_METHOD_MATCH = YES;
				CODE_SIGN_IDENTITY = "iPhone Developer";
				COPY_PHASE_STRIP = NO;
				DEBUG_INFORMATION_FORMAT = dwarf;
				ENABLE_STRICT_OBJC_MSGSEND = YES;
				ENABLE_TESTABILITY = YES;
				GCC_C_LANGUAGE_STANDARD = gnu11;
				GCC_DYNAMIC_NO_PIC = NO;
				GCC_NO_COMMON_BLOCKS = YES;
				GCC_OPTIMIZATION_LEVEL = 0;
				GCC_PREPROCESSOR_DEFINITIONS = (
					"DEBUG=1",
					"$(inherited)",
				);
				GCC_WARN_64_TO_32_BIT_CONVERSION = YES;
				GCC_WARN_ABOUT_RETURN_TYPE = YES_ERROR;
				GCC_WARN_UNDECLARED_SELECTOR = YES;
				GCC_WARN_UNINITIALIZED_AUTOS = YES_AGGRESSIVE;
				GCC_WARN_UNUSED_FUNCTION = YES;
				GCC_WARN_UNUSED_VARIABLE = YES;
				IPHONEOS_DEPLOYMENT_TARGET = 12.1;
				MTL_ENABLE_DEBUG_INFO = INCLUDE_SOURCE;
				MTL_FAST_MATH = YES;
				ONLY_ACTIVE_ARCH = YES;
				SDKROOT = iphoneos;
				SWIFT_ACTIVE_COMPILATION_CONDITIONS = DEBUG;
				SWIFT_OPTIMIZATION_LEVEL = "-Onone";
			};
			name = Debug;
		};
		C40CA40A21ECB5FE00C39233 /* Release */ = {
			isa = XCBuildConfiguration;
			buildSettings = {
				ALWAYS_SEARCH_USER_PATHS = NO;
				CLANG_ANALYZER_NONNULL = YES;
				CLANG_ANALYZER_NUMBER_OBJECT_CONVERSION = YES_AGGRESSIVE;
				CLANG_CXX_LANGUAGE_STANDARD = "gnu++14";
				CLANG_CXX_LIBRARY = "libc++";
				CLANG_ENABLE_MODULES = YES;
				CLANG_ENABLE_OBJC_ARC = YES;
				CLANG_ENABLE_OBJC_WEAK = YES;
				CLANG_WARN_BLOCK_CAPTURE_AUTORELEASING = YES;
				CLANG_WARN_BOOL_CONVERSION = YES;
				CLANG_WARN_COMMA = YES;
				CLANG_WARN_CONSTANT_CONVERSION = YES;
				CLANG_WARN_DEPRECATED_OBJC_IMPLEMENTATIONS = YES;
				CLANG_WARN_DIRECT_OBJC_ISA_USAGE = YES_ERROR;
				CLANG_WARN_DOCUMENTATION_COMMENTS = YES;
				CLANG_WARN_EMPTY_BODY = YES;
				CLANG_WARN_ENUM_CONVERSION = YES;
				CLANG_WARN_INFINITE_RECURSION = YES;
				CLANG_WARN_INT_CONVERSION = YES;
				CLANG_WARN_NON_LITERAL_NULL_CONVERSION = YES;
				CLANG_WARN_OBJC_IMPLICIT_RETAIN_SELF = YES;
				CLANG_WARN_OBJC_LITERAL_CONVERSION = YES;
				CLANG_WARN_OBJC_ROOT_CLASS = YES_ERROR;
				CLANG_WARN_RANGE_LOOP_ANALYSIS = YES;
				CLANG_WARN_STRICT_PROTOTYPES = YES;
				CLANG_WARN_SUSPICIOUS_MOVE = YES;
				CLANG_WARN_UNGUARDED_AVAILABILITY = YES_AGGRESSIVE;
				CLANG_WARN_UNREACHABLE_CODE = YES;
				CLANG_WARN__DUPLICATE_METHOD_MATCH = YES;
				CODE_SIGN_IDENTITY = "iPhone Developer";
				COPY_PHASE_STRIP = NO;
				DEBUG_INFORMATION_FORMAT = "dwarf-with-dsym";
				ENABLE_NS_ASSERTIONS = NO;
				ENABLE_STRICT_OBJC_MSGSEND = YES;
				GCC_C_LANGUAGE_STANDARD = gnu11;
				GCC_NO_COMMON_BLOCKS = YES;
				GCC_WARN_64_TO_32_BIT_CONVERSION = YES;
				GCC_WARN_ABOUT_RETURN_TYPE = YES_ERROR;
				GCC_WARN_UNDECLARED_SELECTOR = YES;
				GCC_WARN_UNINITIALIZED_AUTOS = YES_AGGRESSIVE;
				GCC_WARN_UNUSED_FUNCTION = YES;
				GCC_WARN_UNUSED_VARIABLE = YES;
				IPHONEOS_DEPLOYMENT_TARGET = 12.1;
				MTL_ENABLE_DEBUG_INFO = NO;
				MTL_FAST_MATH = YES;
				SDKROOT = iphoneos;
				SWIFT_COMPILATION_MODE = wholemodule;
				SWIFT_OPTIMIZATION_LEVEL = "-O";
				VALIDATE_PRODUCT = YES;
			};
			name = Release;
		};
		C40CA40C21ECB5FE00C39233 /* Debug */ = {
			isa = XCBuildConfiguration;
			buildSettings = {
				ASSETCATALOG_COMPILER_APPICON_NAME = AppIcon;
				CODE_SIGN_STYLE = Automatic;
				DEVELOPMENT_TEAM = 8FEPG5HWR5;
				INFOPLIST_FILE = MapBasics/Info.plist;
				LD_RUNPATH_SEARCH_PATHS = (
					"$(inherited)",
					"@executable_path/Frameworks",
				);
				PRODUCT_BUNDLE_IDENTIFIER = com.ripplewithus.MapBasics;
				PRODUCT_NAME = "$(TARGET_NAME)";
				SWIFT_VERSION = 4.2;
				TARGETED_DEVICE_FAMILY = "1,2";
			};
			name = Debug;
		};
		C40CA40D21ECB5FE00C39233 /* Release */ = {
			isa = XCBuildConfiguration;
			buildSettings = {
				ASSETCATALOG_COMPILER_APPICON_NAME = AppIcon;
				CODE_SIGN_STYLE = Automatic;
				DEVELOPMENT_TEAM = 8FEPG5HWR5;
				INFOPLIST_FILE = MapBasics/Info.plist;
				LD_RUNPATH_SEARCH_PATHS = (
					"$(inherited)",
					"@executable_path/Frameworks",
				);
				PRODUCT_BUNDLE_IDENTIFIER = com.ripplewithus.MapBasics;
				PRODUCT_NAME = "$(TARGET_NAME)";
				SWIFT_VERSION = 4.2;
				TARGETED_DEVICE_FAMILY = "1,2";
			};
			name = Release;
		};
/* End XCBuildConfiguration section */

/* Begin XCConfigurationList section */
		C40CA3F421ECB5FD00C39233 /* Build configuration list for PBXProject "MapBasics" */ = {
			isa = XCConfigurationList;
			buildConfigurations = (
				C40CA40921ECB5FE00C39233 /* Debug */,
				C40CA40A21ECB5FE00C39233 /* Release */,
			);
			defaultConfigurationIsVisible = 0;
			defaultConfigurationName = Release;
		};
		C40CA40B21ECB5FE00C39233 /* Build configuration list for PBXNativeTarget "MapBasics" */ = {
			isa = XCConfigurationList;
			buildConfigurations = (
				C40CA40C21ECB5FE00C39233 /* Debug */,
				C40CA40D21ECB5FE00C39233 /* Release */,
			);
			defaultConfigurationIsVisible = 0;
			defaultConfigurationName = Release;
		};
/* End XCConfigurationList section */
	};
	rootObject = C40CA3F121ECB5FD00C39233 /* Project object */;
}
